// !$*UTF8*$!
{
	archiveVersion = 1;
	classes = {
	};
	objectVersion = 46;
	objects = {

/* Begin PBXBuildFile section */
		A131245B1C74E252001F054B /* AppDelegate.swift in Sources */ = {isa = PBXBuildFile; fileRef = A131245A1C74E252001F054B /* AppDelegate.swift */; };
		A131245D1C74E252001F054B /* ViewController.swift in Sources */ = {isa = PBXBuildFile; fileRef = A131245C1C74E252001F054B /* ViewController.swift */; };
		A13124601C74E252001F054B /* Main.storyboard in Resources */ = {isa = PBXBuildFile; fileRef = A131245E1C74E252001F054B /* Main.storyboard */; };
		A13124621C74E252001F054B /* Assets.xcassets in Resources */ = {isa = PBXBuildFile; fileRef = A13124611C74E252001F054B /* Assets.xcassets */; };
		A13124651C74E252001F054B /* LaunchScreen.storyboard in Resources */ = {isa = PBXBuildFile; fileRef = A13124631C74E252001F054B /* LaunchScreen.storyboard */; };
		A13124701C74E253001F054B /* WebFrameTestTests.swift in Sources */ = {isa = PBXBuildFile; fileRef = A131246F1C74E253001F054B /* WebFrameTestTests.swift */; };
		A131247B1C74E253001F054B /* WebFrameTestUITests.swift in Sources */ = {isa = PBXBuildFile; fileRef = A131247A1C74E253001F054B /* WebFrameTestUITests.swift */; };
/* End PBXBuildFile section */

/* Begin PBXContainerItemProxy section */
		A131246C1C74E253001F054B /* PBXContainerItemProxy */ = {
			isa = PBXContainerItemProxy;
			containerPortal = A131244F1C74E252001F054B /* Project object */;
			proxyType = 1;
			remoteGlobalIDString = A13124561C74E252001F054B;
			remoteInfo = WebFrameTest;
		};
		A13124771C74E253001F054B /* PBXContainerItemProxy */ = {
			isa = PBXContainerItemProxy;
			containerPortal = A131244F1C74E252001F054B /* Project object */;
			proxyType = 1;
			remoteGlobalIDString = A13124561C74E252001F054B;
			remoteInfo = WebFrameTest;
		};
/* End PBXContainerItemProxy section */

/* Begin PBXFileReference section */
		A13124571C74E252001F054B /* WebFrameTest.app */ = {isa = PBXFileReference; explicitFileType = wrapper.application; includeInIndex = 0; path = WebFrameTest.app; sourceTree = BUILT_PRODUCTS_DIR; };
		A131245A1C74E252001F054B /* AppDelegate.swift */ = {isa = PBXFileReference; lastKnownFileType = sourcecode.swift; path = AppDelegate.swift; sourceTree = "<group>"; };
		A131245C1C74E252001F054B /* ViewController.swift */ = {isa = PBXFileReference; lastKnownFileType = sourcecode.swift; path = ViewController.swift; sourceTree = "<group>"; };
		A131245F1C74E252001F054B /* Base */ = {isa = PBXFileReference; lastKnownFileType = file.storyboard; name = Base; path = Base.lproj/Main.storyboard; sourceTree = "<group>"; };
		A13124611C74E252001F054B /* Assets.xcassets */ = {isa = PBXFileReference; lastKnownFileType = folder.assetcatalog; path = Assets.xcassets; sourceTree = "<group>"; };
		A13124641C74E252001F054B /* Base */ = {isa = PBXFileReference; lastKnownFileType = file.storyboard; name = Base; path = Base.lproj/LaunchScreen.storyboard; sourceTree = "<group>"; };
		A13124661C74E252001F054B /* Info.plist */ = {isa = PBXFileReference; lastKnownFileType = text.plist.xml; path = Info.plist; sourceTree = "<group>"; };
		A131246B1C74E253001F054B /* WebFrameTestTests.xctest */ = {isa = PBXFileReference; explicitFileType = wrapper.cfbundle; includeInIndex = 0; path = WebFrameTestTests.xctest; sourceTree = BUILT_PRODUCTS_DIR; };
		A131246F1C74E253001F054B /* WebFrameTestTests.swift */ = {isa = PBXFileReference; lastKnownFileType = sourcecode.swift; path = WebFrameTestTests.swift; sourceTree = "<group>"; };
		A13124711C74E253001F054B /* Info.plist */ = {isa = PBXFileReference; lastKnownFileType = text.plist.xml; path = Info.plist; sourceTree = "<group>"; };
		A13124761C74E253001F054B /* WebFrameTestUITests.xctest */ = {isa = PBXFileReference; explicitFileType = wrapper.cfbundle; includeInIndex = 0; path = WebFrameTestUITests.xctest; sourceTree = BUILT_PRODUCTS_DIR; };
		A131247A1C74E253001F054B /* WebFrameTestUITests.swift */ = {isa = PBXFileReference; lastKnownFileType = sourcecode.swift; path = WebFrameTestUITests.swift; sourceTree = "<group>"; };
		A131247C1C74E253001F054B /* Info.plist */ = {isa = PBXFileReference; lastKnownFileType = text.plist.xml; path = Info.plist; sourceTree = "<group>"; };
/* End PBXFileReference section */

/* Begin PBXFrameworksBuildPhase section */
		A13124541C74E252001F054B /* Frameworks */ = {
			isa = PBXFrameworksBuildPhase;
			buildActionMask = 2147483647;
			files = (
			);
			runOnlyForDeploymentPostprocessing = 0;
		};
		A13124681C74E253001F054B /* Frameworks */ = {
			isa = PBXFrameworksBuildPhase;
			buildActionMask = 2147483647;
			files = (
			);
			runOnlyForDeploymentPostprocessing = 0;
		};
		A13124731C74E253001F054B /* Frameworks */ = {
			isa = PBXFrameworksBuildPhase;
			buildActionMask = 2147483647;
			files = (
			);
			runOnlyForDeploymentPostprocessing = 0;
		};
/* End PBXFrameworksBuildPhase section */

/* Begin PBXGroup section */
		A131244E1C74E252001F054B = {
			isa = PBXGroup;
			children = (
				A13124591C74E252001F054B /* WebFrameTest */,
				A131246E1C74E253001F054B /* WebFrameTestTests */,
				A13124791C74E253001F054B /* WebFrameTestUITests */,
				A13124581C74E252001F054B /* Products */,
			);
			sourceTree = "<group>";
		};
		A13124581C74E252001F054B /* Products */ = {
			isa = PBXGroup;
			children = (
				A13124571C74E252001F054B /* WebFrameTest.app */,
				A131246B1C74E253001F054B /* WebFrameTestTests.xctest */,
				A13124761C74E253001F054B /* WebFrameTestUITests.xctest */,
			);
			name = Products;
			sourceTree = "<group>";
		};
		A13124591C74E252001F054B /* WebFrameTest */ = {
			isa = PBXGroup;
			children = (
				A131245A1C74E252001F054B /* AppDelegate.swift */,
				A131245C1C74E252001F054B /* ViewController.swift */,
				A131245E1C74E252001F054B /* Main.storyboard */,
				A13124611C74E252001F054B /* Assets.xcassets */,
				A13124631C74E252001F054B /* LaunchScreen.storyboard */,
				A13124661C74E252001F054B /* Info.plist */,
			);
			path = WebFrameTest;
			sourceTree = "<group>";
		};
		A131246E1C74E253001F054B /* WebFrameTestTests */ = {
			isa = PBXGroup;
			children = (
				A131246F1C74E253001F054B /* WebFrameTestTests.swift */,
				A13124711C74E253001F054B /* Info.plist */,
			);
			path = WebFrameTestTests;
			sourceTree = "<group>";
		};
		A13124791C74E253001F054B /* WebFrameTestUITests */ = {
			isa = PBXGroup;
			children = (
				A131247A1C74E253001F054B /* WebFrameTestUITests.swift */,
				A131247C1C74E253001F054B /* Info.plist */,
			);
			path = WebFrameTestUITests;
			sourceTree = "<group>";
		};
/* End PBXGroup section */

/* Begin PBXNativeTarget section */
		A13124561C74E252001F054B /* WebFrameTest */ = {
			isa = PBXNativeTarget;
			buildConfigurationList = A131247F1C74E253001F054B /* Build configuration list for PBXNativeTarget "WebFrameTest" */;
			buildPhases = (
				A13124531C74E252001F054B /* Sources */,
				A13124541C74E252001F054B /* Frameworks */,
				A13124551C74E252001F054B /* Resources */,
			);
			buildRules = (
			);
			dependencies = (
			);
			name = WebFrameTest;
			productName = WebFrameTest;
			productReference = A13124571C74E252001F054B /* WebFrameTest.app */;
			productType = "com.apple.product-type.application";
		};
		A131246A1C74E253001F054B /* WebFrameTestTests */ = {
			isa = PBXNativeTarget;
			buildConfigurationList = A13124821C74E253001F054B /* Build configuration list for PBXNativeTarget "WebFrameTestTests" */;
			buildPhases = (
				A13124671C74E253001F054B /* Sources */,
				A13124681C74E253001F054B /* Frameworks */,
				A13124691C74E253001F054B /* Resources */,
			);
			buildRules = (
			);
			dependencies = (
				A131246D1C74E253001F054B /* PBXTargetDependency */,
			);
			name = WebFrameTestTests;
			productName = WebFrameTestTests;
			productReference = A131246B1C74E253001F054B /* WebFrameTestTests.xctest */;
			productType = "com.apple.product-type.bundle.unit-test";
		};
		A13124751C74E253001F054B /* WebFrameTestUITests */ = {
			isa = PBXNativeTarget;
			buildConfigurationList = A13124851C74E253001F054B /* Build configuration list for PBXNativeTarget "WebFrameTestUITests" */;
			buildPhases = (
				A13124721C74E253001F054B /* Sources */,
				A13124731C74E253001F054B /* Frameworks */,
				A13124741C74E253001F054B /* Resources */,
			);
			buildRules = (
			);
			dependencies = (
				A13124781C74E253001F054B /* PBXTargetDependency */,
			);
			name = WebFrameTestUITests;
			productName = WebFrameTestUITests;
			productReference = A13124761C74E253001F054B /* WebFrameTestUITests.xctest */;
			productType = "com.apple.product-type.bundle.ui-testing";
		};
/* End PBXNativeTarget section */

/* Begin PBXProject section */
		A131244F1C74E252001F054B /* Project object */ = {
			isa = PBXProject;
			attributes = {
				LastSwiftUpdateCheck = 0720;
				LastUpgradeCheck = 0720;
				ORGANIZATIONNAME = b;
				TargetAttributes = {
					A13124561C74E252001F054B = {
						CreatedOnToolsVersion = 7.2.1;
						DevelopmentTeam = 6XVCH5Y235;
					};
					A131246A1C74E253001F054B = {
						CreatedOnToolsVersion = 7.2.1;
						TestTargetID = A13124561C74E252001F054B;
					};
					A13124751C74E253001F054B = {
						CreatedOnToolsVersion = 7.2.1;
						TestTargetID = A13124561C74E252001F054B;
					};
				};
			};
			buildConfigurationList = A13124521C74E252001F054B /* Build configuration list for PBXProject "WebFrameTest" */;
			compatibilityVersion = "Xcode 3.2";
			developmentRegion = English;
			hasScannedForEncodings = 0;
			knownRegions = (
				en,
				Base,
			);
			mainGroup = A131244E1C74E252001F054B;
			productRefGroup = A13124581C74E252001F054B /* Products */;
			projectDirPath = "";
			projectRoot = "";
			targets = (
				A13124561C74E252001F054B /* WebFrameTest */,
				A131246A1C74E253001F054B /* WebFrameTestTests */,
				A13124751C74E253001F054B /* WebFrameTestUITests */,
			);
		};
/* End PBXProject section */

/* Begin PBXResourcesBuildPhase section */
		A13124551C74E252001F054B /* Resources */ = {
			isa = PBXResourcesBuildPhase;
			buildActionMask = 2147483647;
			files = (
				A13124651C74E252001F054B /* LaunchScreen.storyboard in Resources */,
				A13124621C74E252001F054B /* Assets.xcassets in Resources */,
				A13124601C74E252001F054B /* Main.storyboard in Resources */,
			);
			runOnlyForDeploymentPostprocessing = 0;
		};
		A13124691C74E253001F054B /* Resources */ = {
			isa = PBXResourcesBuildPhase;
			buildActionMask = 2147483647;
			files = (
			);
			runOnlyForDeploymentPostprocessing = 0;
		};
		A13124741C74E253001F054B /* Resources */ = {
			isa = PBXResourcesBuildPhase;
			buildActionMask = 2147483647;
			files = (
			);
			runOnlyForDeploymentPostprocessing = 0;
		};
/* End PBXResourcesBuildPhase section */

/* Begin PBXSourcesBuildPhase section */
		A13124531C74E252001F054B /* Sources */ = {
			isa = PBXSourcesBuildPhase;
			buildActionMask = 2147483647;
			files = (
				A131245D1C74E252001F054B /* ViewController.swift in Sources */,
				A131245B1C74E252001F054B /* AppDelegate.swift in Sources */,
			);
			runOnlyForDeploymentPostprocessing = 0;
		};
		A13124671C74E253001F054B /* Sources */ = {
			isa = PBXSourcesBuildPhase;
			buildActionMask = 2147483647;
			files = (
				A13124701C74E253001F054B /* WebFrameTestTests.swift in Sources */,
			);
			runOnlyForDeploymentPostprocessing = 0;
		};
		A13124721C74E253001F054B /* Sources */ = {
			isa = PBXSourcesBuildPhase;
			buildActionMask = 2147483647;
			files = (
				A131247B1C74E253001F054B /* WebFrameTestUITests.swift in Sources */,
			);
			runOnlyForDeploymentPostprocessing = 0;
		};
/* End PBXSourcesBuildPhase section */

/* Begin PBXTargetDependency section */
		A131246D1C74E253001F054B /* PBXTargetDependency */ = {
			isa = PBXTargetDependency;
			target = A13124561C74E252001F054B /* WebFrameTest */;
			targetProxy = A131246C1C74E253001F054B /* PBXContainerItemProxy */;
		};
		A13124781C74E253001F054B /* PBXTargetDependency */ = {
			isa = PBXTargetDependency;
			target = A13124561C74E252001F054B /* WebFrameTest */;
			targetProxy = A13124771C74E253001F054B /* PBXContainerItemProxy */;
		};
/* End PBXTargetDependency section */

/* Begin PBXVariantGroup section */
		A131245E1C74E252001F054B /* Main.storyboard */ = {
			isa = PBXVariantGroup;
			children = (
				A131245F1C74E252001F054B /* Base */,
			);
			name = Main.storyboard;
			sourceTree = "<group>";
		};
		A13124631C74E252001F054B /* LaunchScreen.storyboard */ = {
			isa = PBXVariantGroup;
			children = (
				A13124641C74E252001F054B /* Base */,
			);
			name = LaunchScreen.storyboard;
			sourceTree = "<group>";
		};
/* End PBXVariantGroup section */

/* Begin XCBuildConfiguration section */
		A131247D1C74E253001F054B /* Debug */ = {
			isa = XCBuildConfiguration;
			buildSettings = {
				ALWAYS_SEARCH_USER_PATHS = NO;
				CLANG_CXX_LANGUAGE_STANDARD = "gnu++0x";
				CLANG_CXX_LIBRARY = "libc++";
				CLANG_ENABLE_MODULES = YES;
				CLANG_ENABLE_OBJC_ARC = YES;
				CLANG_WARN_BOOL_CONVERSION = YES;
				CLANG_WARN_CONSTANT_CONVERSION = YES;
				CLANG_WARN_DIRECT_OBJC_ISA_USAGE = YES_ERROR;
				CLANG_WARN_EMPTY_BODY = YES;
				CLANG_WARN_ENUM_CONVERSION = YES;
				CLANG_WARN_INT_CONVERSION = YES;
				CLANG_WARN_OBJC_ROOT_CLASS = YES_ERROR;
				CLANG_WARN_UNREACHABLE_CODE = YES;
				CLANG_WARN__DUPLICATE_METHOD_MATCH = YES;
				"CODE_SIGN_IDENTITY[sdk=iphoneos*]" = "iPhone Developer";
				COPY_PHASE_STRIP = NO;
				DEBUG_INFORMATION_FORMAT = dwarf;
				ENABLE_STRICT_OBJC_MSGSEND = YES;
				ENABLE_TESTABILITY = YES;
				GCC_C_LANGUAGE_STANDARD = gnu99;
				GCC_DYNAMIC_NO_PIC = NO;
				GCC_NO_COMMON_BLOCKS = YES;
				GCC_OPTIMIZATION_LEVEL = 0;
				GCC_PREPROCESSOR_DEFINITIONS = (
					"DEBUG=1",
					"$(inherited)",
				);
				GCC_WARN_64_TO_32_BIT_CONVERSION = YES;
				GCC_WARN_ABOUT_RETURN_TYPE = YES_ERROR;
				GCC_WARN_UNDECLARED_SELECTOR = YES;
				GCC_WARN_UNINITIALIZED_AUTOS = YES_AGGRESSIVE;
				GCC_WARN_UNUSED_FUNCTION = YES;
				GCC_WARN_UNUSED_VARIABLE = YES;
				IPHONEOS_DEPLOYMENT_TARGET = 9.2;
				MTL_ENABLE_DEBUG_INFO = YES;
				ONLY_ACTIVE_ARCH = YES;
				SDKROOT = iphoneos;
				SWIFT_OPTIMIZATION_LEVEL = "-Onone";
				TARGETED_DEVICE_FAMILY = "1,2";
			};
			name = Debug;
		};
		A131247E1C74E253001F054B /* Release */ = {
			isa = XCBuildConfiguration;
			buildSettings = {
				ALWAYS_SEARCH_USER_PATHS = NO;
				CLANG_CXX_LANGUAGE_STANDARD = "gnu++0x";
				CLANG_CXX_LIBRARY = "libc++";
				CLANG_ENABLE_MODULES = YES;
				CLANG_ENABLE_OBJC_ARC = YES;
				CLANG_WARN_BOOL_CONVERSION = YES;
				CLANG_WARN_CONSTANT_CONVERSION = YES;
				CLANG_WARN_DIRECT_OBJC_ISA_USAGE = YES_ERROR;
				CLANG_WARN_EMPTY_BODY = YES;
				CLANG_WARN_ENUM_CONVERSION = YES;
				CLANG_WARN_INT_CONVERSION = YES;
				CLANG_WARN_OBJC_ROOT_CLASS = YES_ERROR;
				CLANG_WARN_UNREACHABLE_CODE = YES;
				CLANG_WARN__DUPLICATE_METHOD_MATCH = YES;
				"CODE_SIGN_IDENTITY[sdk=iphoneos*]" = "iPhone Developer";
				COPY_PHASE_STRIP = NO;
				DEBUG_INFORMATION_FORMAT = "dwarf-with-dsym";
				ENABLE_NS_ASSERTIONS = NO;
				ENABLE_STRICT_OBJC_MSGSEND = YES;
				GCC_C_LANGUAGE_STANDARD = gnu99;
				GCC_NO_COMMON_BLOCKS = YES;
				GCC_WARN_64_TO_32_BIT_CONVERSION = YES;
				GCC_WARN_ABOUT_RETURN_TYPE = YES_ERROR;
				GCC_WARN_UNDECLARED_SELECTOR = YES;
				GCC_WARN_UNINITIALIZED_AUTOS = YES_AGGRESSIVE;
				GCC_WARN_UNUSED_FUNCTION = YES;
				GCC_WARN_UNUSED_VARIABLE = YES;
				IPHONEOS_DEPLOYMENT_TARGET = 9.2;
				MTL_ENABLE_DEBUG_INFO = NO;
				SDKROOT = iphoneos;
				TARGETED_DEVICE_FAMILY = "1,2";
				VALIDATE_PRODUCT = YES;
			};
			name = Release;
		};
		A13124801C74E253001F054B /* Debug */ = {
			isa = XCBuildConfiguration;
			buildSettings = {
				ASSETCATALOG_COMPILER_APPICON_NAME = AppIcon;
				CODE_SIGN_IDENTITY = "iPhone Developer";
				"CODE_SIGN_IDENTITY[sdk=iphoneos*]" = "iPhone Developer";
				INFOPLIST_FILE = WebFrameTest/Info.plist;
				LD_RUNPATH_SEARCH_PATHS = "$(inherited) @executable_path/Frameworks";
				PRODUCT_BUNDLE_IDENTIFIER = edu.jmu.WebFrameTest;
				PRODUCT_NAME = "$(TARGET_NAME)";
				PROVISIONING_PROFILE = "";
			};
			name = Debug;
		};
		A13124811C74E253001F054B /* Release */ = {
			isa = XCBuildConfiguration;
			buildSettings = {
				ASSETCATALOG_COMPILER_APPICON_NAME = AppIcon;
				CODE_SIGN_IDENTITY = "iPhone Developer";
				"CODE_SIGN_IDENTITY[sdk=iphoneos*]" = "iPhone Developer";
				INFOPLIST_FILE = WebFrameTest/Info.plist;
				LD_RUNPATH_SEARCH_PATHS = "$(inherited) @executable_path/Frameworks";
				PRODUCT_BUNDLE_IDENTIFIER = edu.jmu.WebFrameTest;
				PRODUCT_NAME = "$(TARGET_NAME)";
				PROVISIONING_PROFILE = "";
			};
			name = Release;
		};
		A13124831C74E253001F054B /* Debug */ = {
			isa = XCBuildConfiguration;
			buildSettings = {
				BUNDLE_LOADER = "$(TEST_HOST)";
				INFOPLIST_FILE = WebFrameTestTests/Info.plist;
				LD_RUNPATH_SEARCH_PATHS = "$(inherited) @executable_path/Frameworks @loader_path/Frameworks";
				PRODUCT_BUNDLE_IDENTIFIER = edu.jmu.WebFrameTestTests;
				PRODUCT_NAME = "$(TARGET_NAME)";
				TEST_HOST = "$(BUILT_PRODUCTS_DIR)/WebFrameTest.app/WebFrameTest";
			};
			name = Debug;
		};
		A13124841C74E253001F054B /* Release */ = {
			isa = XCBuildConfiguration;
			buildSettings = {
				BUNDLE_LOADER = "$(TEST_HOST)";
				INFOPLIST_FILE = WebFrameTestTests/Info.plist;
				LD_RUNPATH_SEARCH_PATHS = "$(inherited) @executable_path/Frameworks @loader_path/Frameworks";
				PRODUCT_BUNDLE_IDENTIFIER = edu.jmu.WebFrameTestTests;
				PRODUCT_NAME = "$(TARGET_NAME)";
				TEST_HOST = "$(BUILT_PRODUCTS_DIR)/WebFrameTest.app/WebFrameTest";
			};
			name = Release;
		};
		A13124861C74E253001F054B /* Debug */ = {
			isa = XCBuildConfiguration;
			buildSettings = {
				INFOPLIST_FILE = WebFrameTestUITests/Info.plist;
				LD_RUNPATH_SEARCH_PATHS = "$(inherited) @executable_path/Frameworks @loader_path/Frameworks";
				PRODUCT_BUNDLE_IDENTIFIER = edu.jmu.WebFrameTestUITests;
				PRODUCT_NAME = "$(TARGET_NAME)";
				TEST_TARGET_NAME = WebFrameTest;
				USES_XCTRUNNER = YES;
			};
			name = Debug;
		};
		A13124871C74E253001F054B /* Release */ = {
			isa = XCBuildConfiguration;
			buildSettings = {
				INFOPLIST_FILE = WebFrameTestUITests/Info.plist;
				LD_RUNPATH_SEARCH_PATHS = "$(inherited) @executable_path/Frameworks @loader_path/Frameworks";
				PRODUCT_BUNDLE_IDENTIFIER = edu.jmu.WebFrameTestUITests;
				PRODUCT_NAME = "$(TARGET_NAME)";
				TEST_TARGET_NAME = WebFrameTest;
				USES_XCTRUNNER = YES;
			};
			name = Release;
		};
/* End XCBuildConfiguration section */

/* Begin XCConfigurationList section */
		A13124521C74E252001F054B /* Build configuration list for PBXProject "WebFrameTest" */ = {
			isa = XCConfigurationList;
			buildConfigurations = (
				A131247D1C74E253001F054B /* Debug */,
				A131247E1C74E253001F054B /* Release */,
			);
			defaultConfigurationIsVisible = 0;
			defaultConfigurationName = Release;
		};
		A131247F1C74E253001F054B /* Build configuration list for PBXNativeTarget "WebFrameTest" */ = {
			isa = XCConfigurationList;
			buildConfigurations = (
				A13124801C74E253001F054B /* Debug */,
				A13124811C74E253001F054B /* Release */,
			);
			defaultConfigurationIsVisible = 0;
			defaultConfigurationName = Release;
		};
		A13124821C74E253001F054B /* Build configuration list for PBXNativeTarget "WebFrameTestTests" */ = {
			isa = XCConfigurationList;
			buildConfigurations = (
				A13124831C74E253001F054B /* Debug */,
				A13124841C74E253001F054B /* Release */,
			);
			defaultConfigurationIsVisible = 0;
			defaultConfigurationName = Release;
		};
		A13124851C74E253001F054B /* Build configuration list for PBXNativeTarget "WebFrameTestUITests" */ = {
			isa = XCConfigurationList;
			buildConfigurations = (
				A13124861C74E253001F054B /* Debug */,
				A13124871C74E253001F054B /* Release */,
			);
			defaultConfigurationIsVisible = 0;
			defaultConfigurationName = Release;
		};
/* End XCConfigurationList section */
	};
	rootObject = A131244F1C74E252001F054B /* Project object */;
}
